<?xml version="1.0" encoding="utf-8"?>
<Project ToolsVersion="4.0" xmlns="http://schemas.microsoft.com/developer/msbuild/2003">
  <ItemGroup>
    <Filter Include="소스 파일">
      <UniqueIdentifier>{4FC737F1-C7A5-4376-A066-2A32D752A2FF}</UniqueIdentifier>
      <Extensions>cpp;c;cc;cxx;c++;cppm;ixx;def;odl;idl;hpj;bat;asm;asmx</Extensions>
    </Filter>
    <Filter Include="헤더 파일">
      <UniqueIdentifier>{93995380-89BD-4b04-88EB-625FBE52EBFB}</UniqueIdentifier>
      <Extensions>h;hh;hpp;hxx;h++;hm;inl;inc;ipp;xsd</Extensions>
    </Filter>
    <Filter Include="리소스 파일">
      <UniqueIdentifier>{67DA6AB6-F800-4c08-8B7A-83BB121AAD01}</UniqueIdentifier>
      <Extensions>rc;ico;cur;bmp;dlg;rc2;rct;bin;rgs;gif;jpg;jpeg;jpe;resx;tiff;tif;png;wav;mfcribbon-ms</Extensions>
    </Filter>
  </ItemGroup>
  <ItemGroup>
    <ClCompile Include="1.printf.c">
      <Filter>소스 파일</Filter>
    </ClCompile>
    <ClCompile Include="2.variable.c">
      <Filter>소스 파일</Filter>
    </ClCompile>
    <ClCompile Include="3.trash value.c">
      <Filter>소스 파일</Filter>
    </ClCompile>
    <ClCompile Include="4.ascii code.c">
      <Filter>소스 파일</Filter>
    </ClCompile>
    <ClCompile Include="5.unsigned.c">
      <Filter>소스 파일</Filter>
    </ClCompile>
    <ClCompile Include="6.character arrangement.c">
      <Filter>소스 파일</Filter>
    </ClCompile>
    <ClCompile Include="7.character arrangement_2.c">
      <Filter>소스 파일</Filter>
    </ClCompile>
    <ClCompile Include="8.const.c">
      <Filter>소스 파일</Filter>
    </ClCompile>
    <ClCompile Include="9.scanf.c">
      <Filter>소스 파일</Filter>
    </ClCompile>
    <ClCompile Include="10.white space.c">
      <Filter>소스 파일</Filter>
    </ClCompile>
    <ClCompile Include="11.arithmetic.c">
      <Filter>소스 파일</Filter>
    </ClCompile>
    <ClCompile Include="12.front_forward.c">
      <Filter>소스 파일</Filter>
    </ClCompile>
    <ClCompile Include="13.relational operator.c">
      <Filter>소스 파일</Filter>
    </ClCompile>
    <ClCompile Include="14.logical operator.c">
      <Filter>소스 파일</Filter>
    </ClCompile>
    <ClCompile Include="15.type converion.c">
      <Filter>소스 파일</Filter>
    </ClCompile>
    <ClCompile Include="16.sizeof.c">
      <Filter>소스 파일</Filter>
    </ClCompile>
    <ClCompile Include="17.Conditional operator.c">
      <Filter>소스 파일</Filter>
    </ClCompile>
    <ClCompile Include="18.bit operator.c">
      <Filter>소스 파일</Filter>
    </ClCompile>
    <ClCompile Include="19.procedure.c">
      <Filter>소스 파일</Filter>
    </ClCompile>
    <ClCompile Include="20.if.c">
      <Filter>소스 파일</Filter>
    </ClCompile>
    <ClCompile Include="21.if_else.c">
      <Filter>소스 파일</Filter>
    </ClCompile>
    <ClCompile Include="22.if_elseif_else.c">
      <Filter>소스 파일</Filter>
    </ClCompile>
    <ClCompile Include="23.if_nesting.c">
      <Filter>소스 파일</Filter>
    </ClCompile>
    <ClCompile Include="24.switch_case.c">
      <Filter>소스 파일</Filter>
    </ClCompile>
    <ClCompile Include="25.while.c">
      <Filter>소스 파일</Filter>
    </ClCompile>
    <ClCompile Include="26.for.c">
      <Filter>소스 파일</Filter>
    </ClCompile>
    <ClCompile Include="26_1double_for.c">
      <Filter>소스 파일</Filter>
    </ClCompile>
    <ClCompile Include="26_2double_for.c">
      <Filter>소스 파일</Filter>
    </ClCompile>
    <ClCompile Include="26_3double_for.c">
      <Filter>소스 파일</Filter>
    </ClCompile>
    <ClCompile Include="27.break.c">
      <Filter>소스 파일</Filter>
    </ClCompile>
    <ClCompile Include="28.function.c">
      <Filter>소스 파일</Filter>
    </ClCompile>
    <ClCompile Include="28_1.non_variable_function.c">
      <Filter>소스 파일</Filter>
    </ClCompile>
    <ClCompile Include="28_2.non_return_value_function.c">
      <Filter>소스 파일</Filter>
    </ClCompile>
    <ClCompile Include="28_3.non_fuction.c">
      <Filter>소스 파일</Filter>
    </ClCompile>
    <ClCompile Include="28_4.minus_function.c">
      <Filter>소스 파일</Filter>
    </ClCompile>
    <ClCompile Include="28_5.Local_Variables_and_Recursion.c">
      <Filter>소스 파일</Filter>
    </ClCompile>
    <ClCompile Include="28_5_1.Local_Variables_and_Recursion2.c">
      <Filter>소스 파일</Filter>
    </ClCompile>
    <ClCompile Include="28_5_2.tail call recursion.c">
      <Filter>소스 파일</Filter>
    </ClCompile>
    <ClCompile Include="29.array.c">
      <Filter>소스 파일</Filter>
    </ClCompile>
    <ClCompile Include="29_1.array_reset.c">
      <Filter>소스 파일</Filter>
    </ClCompile>
    <ClCompile Include="29_2.array_loop.c">
      <Filter>소스 파일</Filter>
    </ClCompile>
    <ClCompile Include="29_3.array_sizeof.c">
      <Filter>소스 파일</Filter>
    </ClCompile>
    <ClCompile Include="29_4.array_char.c">
      <Filter>소스 파일</Filter>
    </ClCompile>
    <ClCompile Include="29_5.strcpy.c">
      <Filter>소스 파일</Filter>
    </ClCompile>
    <ClCompile Include="30.pointer.c">
      <Filter>소스 파일</Filter>
    </ClCompile>
    <ClCompile Include="30_1.pointer_.c">
      <Filter>소스 파일</Filter>
    </ClCompile>
    <ClCompile Include="30_2.pointer_const.c">
      <Filter>소스 파일</Filter>
    </ClCompile>
    <ClCompile Include="30_3.pointer_size.c">
      <Filter>소스 파일</Filter>
    </ClCompile>
    <ClCompile Include="30_4.pointer_swap.c">
      <Filter>소스 파일</Filter>
    </ClCompile>
    <ClCompile Include="31_1.array&amp;pointer.c">
      <Filter>소스 파일</Filter>
    </ClCompile>
    <ClCompile Include="31_2.array&amp;pointer.c">
      <Filter>소스 파일</Filter>
    </ClCompile>
    <ClCompile Include="31_3array&amp;pointer_minus.c">
      <Filter>소스 파일</Filter>
    </ClCompile>
    <ClCompile Include="31_4array&amp;pointer_vlue.c">
      <Filter>소스 파일</Filter>
    </ClCompile>
    <ClCompile Include="31_5.array&amp;pointer_differentValue.c">
      <Filter>소스 파일</Filter>
    </ClCompile>
    <ClCompile Include="31_6.array&amp;pointer_double.c">
      <Filter>소스 파일</Filter>
    </ClCompile>
    <ClCompile Include="32.character.c">
      <Filter>소스 파일</Filter>
    </ClCompile>
    <ClCompile Include="32_1.character_BchangeS.c">
      <Filter>소스 파일</Filter>
    </ClCompile>
    <ClCompile Include="32_2.character_funtion.c">
      <Filter>소스 파일</Filter>
    </ClCompile>
    <ClCompile Include="32_3.character_buffer.c">
      <Filter>소스 파일</Filter>
    </ClCompile>
    <ClCompile Include="32.c">
      <Filter>소스 파일</Filter>
    </ClCompile>
    <ClCompile Include="static.c">
      <Filter>소스 파일</Filter>
    </ClCompile>
  </ItemGroup>
</Project>